
Microsoft Visual Studio Solution File, Format Version 12.00
# Visual Studio Version 16
VisualStudioVersion = 16.0.30804.86
MinimumVisualStudioVersion = 10.0.40219.1
Project("{FAE04EC0-301F-11D3-BF4B-00C04F79EFBC}") = "задача_сортировка_данных", "Frantsova Primer\задача_сортировка_данных.csproj", "{435FE6CE-F755-40E9-9EFA-081927E2B7BE}"
EndProject
Project("{FAE04EC0-301F-11D3-BF4B-00C04F79EFBC}") = "пример 1", "пример 1\пример 1.csproj", "{9DE74FFC-2BA9-4705-ADF3-F3D56298E52D}"
EndProject
Global
	GlobalSection(SolutionConfigurationPlatforms) = preSolution
		Debug|Any CPU = Debug|Any CPU
		Release|Any CPU = Release|Any CPU
	EndGlobalSection
	GlobalSection(ProjectConfigurationPlatforms) = postSolution
		{435FE6CE-F755-40E9-9EFA-081927E2B7BE}.Debug|Any CPU.ActiveCfg = Debug|Any CPU
		{435FE6CE-F755-40E9-9EFA-081927E2B7BE}.Debug|Any CPU.Build.0 = Debug|Any CPU
		{435FE6CE-F755-40E9-9EFA-081927E2B7BE}.Release|Any CPU.ActiveCfg = Release|Any CPU
		{435FE6CE-F755-40E9-9EFA-081927E2B7BE}.Release|Any CPU.Build.0 = Release|Any CPU
		{9DE74FFC-2BA9-4705-ADF3-F3D56298E52D}.Debug|Any CPU.ActiveCfg = Debug|Any CPU
		{9DE74FFC-2BA9-4705-ADF3-F3D56298E52D}.Debug|Any CPU.Build.0 = Debug|Any CPU
		{9DE74FFC-2BA9-4705-ADF3-F3D56298E52D}.Release|Any CPU.ActiveCfg = Release|Any CPU
		{9DE74FFC-2BA9-4705-ADF3-F3D56298E52D}.Release|Any CPU.Build.0 = Release|Any CPU
	EndGlobalSection
	GlobalSection(SolutionProperties) = preSolution
		HideSolutionNode = FALSE
	EndGlobalSection
	GlobalSection(ExtensibilityGlobals) = postSolution
		SolutionGuid = {C13DBAF6-4A0D-49AB-989A-AD02E4380C8A}
	EndGlobalSection
EndGlobal
